// !$*UTF8*$!
{
	archiveVersion = 1;
	classes = {
	};
	objectVersion = 50;
	objects = {

/* Begin PBXBuildFile section */
		7B8D778C258A66AA00842CCB /* AppDelegate.swift in Sources */ = {isa = PBXBuildFile; fileRef = 7B8D778B258A66AA00842CCB /* AppDelegate.swift */; };
		7B8D778E258A66AA00842CCB /* SceneDelegate.swift in Sources */ = {isa = PBXBuildFile; fileRef = 7B8D778D258A66AA00842CCB /* SceneDelegate.swift */; };
		7B8D7790258A66AA00842CCB /* APOTDViewController.swift in Sources */ = {isa = PBXBuildFile; fileRef = 7B8D778F258A66AA00842CCB /* APOTDViewController.swift */; };
		7B8D7793258A66AA00842CCB /* Main.storyboard in Resources */ = {isa = PBXBuildFile; fileRef = 7B8D7791258A66AA00842CCB /* Main.storyboard */; };
		7B8D7795258A66AF00842CCB /* Assets.xcassets in Resources */ = {isa = PBXBuildFile; fileRef = 7B8D7794258A66AF00842CCB /* Assets.xcassets */; };
		7B8D7798258A66AF00842CCB /* LaunchScreen.storyboard in Resources */ = {isa = PBXBuildFile; fileRef = 7B8D7796258A66AF00842CCB /* LaunchScreen.storyboard */; };
		7B8D77A1258A66E600842CCB /* NetworkingAPOTD.swift in Sources */ = {isa = PBXBuildFile; fileRef = 7B8D77A0258A66E600842CCB /* NetworkingAPOTD.swift */; };
		7B8D77A4258A670F00842CCB /* ModelAPOTD.swift in Sources */ = {isa = PBXBuildFile; fileRef = 7B8D77A3258A670F00842CCB /* ModelAPOTD.swift */; };
/* End PBXBuildFile section */

/* Begin PBXFileReference section */
		7B8D7788258A66AA00842CCB /* NASAAPI.app */ = {isa = PBXFileReference; explicitFileType = wrapper.application; includeInIndex = 0; path = NASAAPI.app; sourceTree = BUILT_PRODUCTS_DIR; };
		7B8D778B258A66AA00842CCB /* AppDelegate.swift */ = {isa = PBXFileReference; lastKnownFileType = sourcecode.swift; path = AppDelegate.swift; sourceTree = "<group>"; };
		7B8D778D258A66AA00842CCB /* SceneDelegate.swift */ = {isa = PBXFileReference; lastKnownFileType = sourcecode.swift; path = SceneDelegate.swift; sourceTree = "<group>"; };
		7B8D778F258A66AA00842CCB /* APOTDViewController.swift */ = {isa = PBXFileReference; lastKnownFileType = sourcecode.swift; path = APOTDViewController.swift; sourceTree = "<group>"; };
		7B8D7792258A66AA00842CCB /* Base */ = {isa = PBXFileReference; lastKnownFileType = file.storyboard; name = Base; path = Base.lproj/Main.storyboard; sourceTree = "<group>"; };
		7B8D7794258A66AF00842CCB /* Assets.xcassets */ = {isa = PBXFileReference; lastKnownFileType = folder.assetcatalog; path = Assets.xcassets; sourceTree = "<group>"; };
		7B8D7797258A66AF00842CCB /* Base */ = {isa = PBXFileReference; lastKnownFileType = file.storyboard; name = Base; path = Base.lproj/LaunchScreen.storyboard; sourceTree = "<group>"; };
		7B8D7799258A66AF00842CCB /* Info.plist */ = {isa = PBXFileReference; lastKnownFileType = text.plist.xml; path = Info.plist; sourceTree = "<group>"; };
		7B8D77A0258A66E600842CCB /* NetworkingAPOTD.swift */ = {isa = PBXFileReference; lastKnownFileType = sourcecode.swift; path = NetworkingAPOTD.swift; sourceTree = "<group>"; };
		7B8D77A3258A670F00842CCB /* ModelAPOTD.swift */ = {isa = PBXFileReference; lastKnownFileType = sourcecode.swift; path = ModelAPOTD.swift; sourceTree = "<group>"; };
/* End PBXFileReference section */

/* Begin PBXFrameworksBuildPhase section */
		7B8D7785258A66AA00842CCB /* Frameworks */ = {
			isa = PBXFrameworksBuildPhase;
			buildActionMask = 2147483647;
			files = (
			);
			runOnlyForDeploymentPostprocessing = 0;
		};
/* End PBXFrameworksBuildPhase section */

/* Begin PBXGroup section */
		7B8D777F258A66AA00842CCB = {
			isa = PBXGroup;
			children = (
				7B8D778A258A66AA00842CCB /* NASAAPI */,
				7B8D7789258A66AA00842CCB /* Products */,
			);
			sourceTree = "<group>";
		};
		7B8D7789258A66AA00842CCB /* Products */ = {
			isa = PBXGroup;
			children = (
				7B8D7788258A66AA00842CCB /* NASAAPI.app */,
			);
			name = Products;
			sourceTree = "<group>";
		};
		7B8D778A258A66AA00842CCB /* NASAAPI */ = {
			isa = PBXGroup;
			children = (
				7B8D778B258A66AA00842CCB /* AppDelegate.swift */,
				7B8D778D258A66AA00842CCB /* SceneDelegate.swift */,
				7B8D77A0258A66E600842CCB /* NetworkingAPOTD.swift */,
				7B8D77A3258A670F00842CCB /* ModelAPOTD.swift */,
				7B8D778F258A66AA00842CCB /* APOTDViewController.swift */,
				7B8D7791258A66AA00842CCB /* Main.storyboard */,
				7B8D7794258A66AF00842CCB /* Assets.xcassets */,
				7B8D7796258A66AF00842CCB /* LaunchScreen.storyboard */,
				7B8D7799258A66AF00842CCB /* Info.plist */,
			);
			path = NASAAPI;
			sourceTree = "<group>";
		};
/* End PBXGroup section */

/* Begin PBXNativeTarget section */
		7B8D7787258A66AA00842CCB /* NASAAPI */ = {
			isa = PBXNativeTarget;
			buildConfigurationList = 7B8D779C258A66AF00842CCB /* Build configuration list for PBXNativeTarget "NASAAPI" */;
			buildPhases = (
				7B8D7784258A66AA00842CCB /* Sources */,
				7B8D7785258A66AA00842CCB /* Frameworks */,
				7B8D7786258A66AA00842CCB /* Resources */,
			);
			buildRules = (
			);
			dependencies = (
			);
			name = NASAAPI;
			productName = NASAAPI;
			productReference = 7B8D7788258A66AA00842CCB /* NASAAPI.app */;
			productType = "com.apple.product-type.application";
		};
/* End PBXNativeTarget section */

/* Begin PBXProject section */
		7B8D7780258A66AA00842CCB /* Project object */ = {
			isa = PBXProject;
			attributes = {
				LastSwiftUpdateCheck = 1220;
				LastUpgradeCheck = 1220;
				TargetAttributes = {
					7B8D7787258A66AA00842CCB = {
						CreatedOnToolsVersion = 12.2;
					};
				};
			};
			buildConfigurationList = 7B8D7783258A66AA00842CCB /* Build configuration list for PBXProject "NASAAPI" */;
			compatibilityVersion = "Xcode 9.3";
			developmentRegion = en;
			hasScannedForEncodings = 0;
			knownRegions = (
				en,
				Base,
			);
			mainGroup = 7B8D777F258A66AA00842CCB;
			productRefGroup = 7B8D7789258A66AA00842CCB /* Products */;
			projectDirPath = "";
			projectRoot = "";
			targets = (
				7B8D7787258A66AA00842CCB /* NASAAPI */,
			);
		};
/* End PBXProject section */

/* Begin PBXResourcesBuildPhase section */
		7B8D7786258A66AA00842CCB /* Resources */ = {
			isa = PBXResourcesBuildPhase;
			buildActionMask = 2147483647;
			files = (
				7B8D7798258A66AF00842CCB /* LaunchScreen.storyboard in Resources */,
				7B8D7795258A66AF00842CCB /* Assets.xcassets in Resources */,
				7B8D7793258A66AA00842CCB /* Main.storyboard in Resources */,
			);
			runOnlyForDeploymentPostprocessing = 0;
		};
/* End PBXResourcesBuildPhase section */

/* Begin PBXSourcesBuildPhase section */
		7B8D7784258A66AA00842CCB /* Sources */ = {
			isa = PBXSourcesBuildPhase;
			buildActionMask = 2147483647;
			files = (
				7B8D77A1258A66E600842CCB /* NetworkingAPOTD.swift in Sources */,
				7B8D7790258A66AA00842CCB /* APOTDViewController.swift in Sources */,
				7B8D778C258A66AA00842CCB /* AppDelegate.swift in Sources */,
				7B8D778E258A66AA00842CCB /* SceneDelegate.swift in Sources */,
				7B8D77A4258A670F00842CCB /* ModelAPOTD.swift in Sources */,
			);
			runOnlyForDeploymentPostprocessing = 0;
		};
/* End PBXSourcesBuildPhase section */

/* Begin PBXVariantGroup section */
		7B8D7791258A66AA00842CCB /* Main.storyboard */ = {
			isa = PBXVariantGroup;
			children = (
				7B8D7792258A66AA00842CCB /* Base */,
			);
			name = Main.storyboard;
			sourceTree = "<group>";
		};
		7B8D7796258A66AF00842CCB /* LaunchScreen.storyboard */ = {
			isa = PBXVariantGroup;
			children = (
				7B8D7797258A66AF00842CCB /* Base */,
			);
			name = LaunchScreen.storyboard;
			sourceTree = "<group>";
		};
/* End PBXVariantGroup section */

/* Begin XCBuildConfiguration section */
		7B8D779A258A66AF00842CCB /* Debug */ = {
			isa = XCBuildConfiguration;
			buildSettings = {
				ALWAYS_SEARCH_USER_PATHS = NO;
				CLANG_ANALYZER_NONNULL = YES;
				CLANG_ANALYZER_NUMBER_OBJECT_CONVERSION = YES_AGGRESSIVE;
				CLANG_CXX_LANGUAGE_STANDARD = "gnu++14";
				CLANG_CXX_LIBRARY = "libc++";
				CLANG_ENABLE_MODULES = YES;
				CLANG_ENABLE_OBJC_ARC = YES;
				CLANG_ENABLE_OBJC_WEAK = YES;
				CLANG_WARN_BLOCK_CAPTURE_AUTORELEASING = YES;
				CLANG_WARN_BOOL_CONVERSION = YES;
				CLANG_WARN_COMMA = YES;
				CLANG_WARN_CONSTANT_CONVERSION = YES;
				CLANG_WARN_DEPRECATED_OBJC_IMPLEMENTATIONS = YES;
				CLANG_WARN_DIRECT_OBJC_ISA_USAGE = YES_ERROR;
				CLANG_WARN_DOCUMENTATION_COMMENTS = YES;
				CLANG_WARN_EMPTY_BODY = YES;
				CLANG_WARN_ENUM_CONVERSION = YES;
				CLANG_WARN_INFINITE_RECURSION = YES;
				CLANG_WARN_INT_CONVERSION = YES;
				CLANG_WARN_NON_LITERAL_NULL_CONVERSION = YES;
				CLANG_WARN_OBJC_IMPLICIT_RETAIN_SELF = YES;
				CLANG_WARN_OBJC_LITERAL_CONVERSION = YES;
				CLANG_WARN_OBJC_ROOT_CLASS = YES_ERROR;
				CLANG_WARN_QUOTED_INCLUDE_IN_FRAMEWORK_HEADER = YES;
				CLANG_WARN_RANGE_LOOP_ANALYSIS = YES;
				CLANG_WARN_STRICT_PROTOTYPES = YES;
				CLANG_WARN_SUSPICIOUS_MOVE = YES;
				CLANG_WARN_UNGUARDED_AVAILABILITY = YES_AGGRESSIVE;
				CLANG_WARN_UNREACHABLE_CODE = YES;
				CLANG_WARN__DUPLICATE_METHOD_MATCH = YES;
				COPY_PHASE_STRIP = NO;
				DEBUG_INFORMATION_FORMAT = dwarf;
				ENABLE_STRICT_OBJC_MSGSEND = YES;
				ENABLE_TESTABILITY = YES;
				GCC_C_LANGUAGE_STANDARD = gnu11;
				GCC_DYNAMIC_NO_PIC = NO;
				GCC_NO_COMMON_BLOCKS = YES;
				GCC_OPTIMIZATION_LEVEL = 0;
				GCC_PREPROCESSOR_DEFINITIONS = (
					"DEBUG=1",
					"$(inherited)",
				);
				GCC_WARN_64_TO_32_BIT_CONVERSION = YES;
				GCC_WARN_ABOUT_RETURN_TYPE = YES_ERROR;
				GCC_WARN_UNDECLARED_SELECTOR = YES;
				GCC_WARN_UNINITIALIZED_AUTOS = YES_AGGRESSIVE;
				GCC_WARN_UNUSED_FUNCTION = YES;
				GCC_WARN_UNUSED_VARIABLE = YES;
				IPHONEOS_DEPLOYMENT_TARGET = 14.2;
				MTL_ENABLE_DEBUG_INFO = INCLUDE_SOURCE;
				MTL_FAST_MATH = YES;
				ONLY_ACTIVE_ARCH = YES;
				SDKROOT = iphoneos;
				SWIFT_ACTIVE_COMPILATION_CONDITIONS = DEBUG;
				SWIFT_OPTIMIZATION_LEVEL = "-Onone";
			};
			name = Debug;
		};
		7B8D779B258A66AF00842CCB /* Release */ = {
			isa = XCBuildConfiguration;
			buildSettings = {
				ALWAYS_SEARCH_USER_PATHS = NO;
				CLANG_ANALYZER_NONNULL = YES;
				CLANG_ANALYZER_NUMBER_OBJECT_CONVERSION = YES_AGGRESSIVE;
				CLANG_CXX_LANGUAGE_STANDARD = "gnu++14";
				CLANG_CXX_LIBRARY = "libc++";
				CLANG_ENABLE_MODULES = YES;
				CLANG_ENABLE_OBJC_ARC = YES;
				CLANG_ENABLE_OBJC_WEAK = YES;
				CLANG_WARN_BLOCK_CAPTURE_AUTORELEASING = YES;
				CLANG_WARN_BOOL_CONVERSION = YES;
				CLANG_WARN_COMMA = YES;
				CLANG_WARN_CONSTANT_CONVERSION = YES;
				CLANG_WARN_DEPRECATED_OBJC_IMPLEMENTATIONS = YES;
				CLANG_WARN_DIRECT_OBJC_ISA_USAGE = YES_ERROR;
				CLANG_WARN_DOCUMENTATION_COMMENTS = YES;
				CLANG_WARN_EMPTY_BODY = YES;
				CLANG_WARN_ENUM_CONVERSION = YES;
				CLANG_WARN_INFINITE_RECURSION = YES;
				CLANG_WARN_INT_CONVERSION = YES;
				CLANG_WARN_NON_LITERAL_NULL_CONVERSION = YES;
				CLANG_WARN_OBJC_IMPLICIT_RETAIN_SELF = YES;
				CLANG_WARN_OBJC_LITERAL_CONVERSION = YES;
				CLANG_WARN_OBJC_ROOT_CLASS = YES_ERROR;
				CLANG_WARN_QUOTED_INCLUDE_IN_FRAMEWORK_HEADER = YES;
				CLANG_WARN_RANGE_LOOP_ANALYSIS = YES;
				CLANG_WARN_STRICT_PROTOTYPES = YES;
				CLANG_WARN_SUSPICIOUS_MOVE = YES;
				CLANG_WARN_UNGUARDED_AVAILABILITY = YES_AGGRESSIVE;
				CLANG_WARN_UNREACHABLE_CODE = YES;
				CLANG_WARN__DUPLICATE_METHOD_MATCH = YES;
				COPY_PHASE_STRIP = NO;
				DEBUG_INFORMATION_FORMAT = "dwarf-with-dsym";
				ENABLE_NS_ASSERTIONS = NO;
				ENABLE_STRICT_OBJC_MSGSEND = YES;
				GCC_C_LANGUAGE_STANDARD = gnu11;
				GCC_NO_COMMON_BLOCKS = YES;
				GCC_WARN_64_TO_32_BIT_CONVERSION = YES;
				GCC_WARN_ABOUT_RETURN_TYPE = YES_ERROR;
				GCC_WARN_UNDECLARED_SELECTOR = YES;
				GCC_WARN_UNINITIALIZED_AUTOS = YES_AGGRESSIVE;
				GCC_WARN_UNUSED_FUNCTION = YES;
				GCC_WARN_UNUSED_VARIABLE = YES;
				IPHONEOS_DEPLOYMENT_TARGET = 14.2;
				MTL_ENABLE_DEBUG_INFO = NO;
				MTL_FAST_MATH = YES;
				SDKROOT = iphoneos;
				SWIFT_COMPILATION_MODE = wholemodule;
				SWIFT_OPTIMIZATION_LEVEL = "-O";
				VALIDATE_PRODUCT = YES;
			};
			name = Release;
		};
		7B8D779D258A66AF00842CCB /* Debug */ = {
			isa = XCBuildConfiguration;
			buildSettings = {
				ASSETCATALOG_COMPILER_APPICON_NAME = AppIcon;
				ASSETCATALOG_COMPILER_GLOBAL_ACCENT_COLOR_NAME = AccentColor;
				CODE_SIGN_STYLE = Automatic;
				DEVELOPMENT_TEAM = 68FXT4UH73;
				INFOPLIST_FILE = NASAAPI/Info.plist;
				LD_RUNPATH_SEARCH_PATHS = (
					"$(inherited)",
					"@executable_path/Frameworks",
				);
				PRODUCT_BUNDLE_IDENTIFIER = ru.egorskikh.NASAAPI;
				PRODUCT_NAME = "$(TARGET_NAME)";
				SWIFT_VERSION = 5.0;
				TARGETED_DEVICE_FAMILY = "1,2";
			};
			name = Debug;
		};
		7B8D779E258A66AF00842CCB /* Release */ = {
			isa = XCBuildConfiguration;
			buildSettings = {
				ASSETCATALOG_COMPILER_APPICON_NAME = AppIcon;
				ASSETCATALOG_COMPILER_GLOBAL_ACCENT_COLOR_NAME = AccentColor;
				CODE_SIGN_STYLE = Automatic;
				DEVELOPMENT_TEAM = 68FXT4UH73;
				INFOPLIST_FILE = NASAAPI/Info.plist;
				LD_RUNPATH_SEARCH_PATHS = (
					"$(inherited)",
					"@executable_path/Frameworks",
				);
				PRODUCT_BUNDLE_IDENTIFIER = ru.egorskikh.NASAAPI;
				PRODUCT_NAME = "$(TARGET_NAME)";
				SWIFT_VERSION = 5.0;
				TARGETED_DEVICE_FAMILY = "1,2";
			};
			name = Release;
		};
/* End XCBuildConfiguration section */

/* Begin XCConfigurationList section */
		7B8D7783258A66AA00842CCB /* Build configuration list for PBXProject "NASAAPI" */ = {
			isa = XCConfigurationList;
			buildConfigurations = (
				7B8D779A258A66AF00842CCB /* Debug */,
				7B8D779B258A66AF00842CCB /* Release */,
			);
			defaultConfigurationIsVisible = 0;
			defaultConfigurationName = Release;
		};
		7B8D779C258A66AF00842CCB /* Build configuration list for PBXNativeTarget "NASAAPI" */ = {
			isa = XCConfigurationList;
			buildConfigurations = (
				7B8D779D258A66AF00842CCB /* Debug */,
				7B8D779E258A66AF00842CCB /* Release */,
			);
			defaultConfigurationIsVisible = 0;
			defaultConfigurationName = Release;
		};
/* End XCConfigurationList section */
	};
	rootObject = 7B8D7780258A66AA00842CCB /* Project object */;
}
